// !$*UTF8*$!
{
	archiveVersion = 1;
	classes = {
	};
	objectVersion = 48;
	objects = {

/* Begin PBXBuildFile section */
		25C464FE1FDE2F4900924B41 /* AppDelegate.swift in Sources */ = {isa = PBXBuildFile; fileRef = 25C464FD1FDE2F4900924B41 /* AppDelegate.swift */; };
		25C465001FDE2F4900924B41 /* InitialViewController.swift in Sources */ = {isa = PBXBuildFile; fileRef = 25C464FF1FDE2F4900924B41 /* InitialViewController.swift */; };
		25C465031FDE2F4900924B41 /* Main.storyboard in Resources */ = {isa = PBXBuildFile; fileRef = 25C465011FDE2F4900924B41 /* Main.storyboard */; };
		25C465051FDE2F4900924B41 /* Assets.xcassets in Resources */ = {isa = PBXBuildFile; fileRef = 25C465041FDE2F4900924B41 /* Assets.xcassets */; };
		25C465081FDE2F4900924B41 /* LaunchScreen.storyboard in Resources */ = {isa = PBXBuildFile; fileRef = 25C465061FDE2F4900924B41 /* LaunchScreen.storyboard */; };
		25C465101FDE37CD00924B41 /* CityViewController.swift in Sources */ = {isa = PBXBuildFile; fileRef = 25C4650F1FDE37CD00924B41 /* CityViewController.swift */; };
		25C465121FDE4AF600924B41 /* hotel.swift in Sources */ = {isa = PBXBuildFile; fileRef = 25C465111FDE4AF600924B41 /* hotel.swift */; };
		25C465141FDE573900924B41 /* HotelViewController.swift in Sources */ = {isa = PBXBuildFile; fileRef = 25C465131FDE573900924B41 /* HotelViewController.swift */; };
		25C465161FDE687400924B41 /* ReservationViewController.swift in Sources */ = {isa = PBXBuildFile; fileRef = 25C465151FDE687400924B41 /* ReservationViewController.swift */; };
		3ADA957A17941DE848FDD468 /* Pods_HoSug.framework in Frameworks */ = {isa = PBXBuildFile; fileRef = 2A9E05E7FAE29FFE677E98D3 /* Pods_HoSug.framework */; };
/* End PBXBuildFile section */

/* Begin PBXFileReference section */
		25C464FA1FDE2F4900924B41 /* HoSug.app */ = {isa = PBXFileReference; explicitFileType = wrapper.application; includeInIndex = 0; path = HoSug.app; sourceTree = BUILT_PRODUCTS_DIR; };
		25C464FD1FDE2F4900924B41 /* AppDelegate.swift */ = {isa = PBXFileReference; lastKnownFileType = sourcecode.swift; path = AppDelegate.swift; sourceTree = "<group>"; };
		25C464FF1FDE2F4900924B41 /* InitialViewController.swift */ = {isa = PBXFileReference; lastKnownFileType = sourcecode.swift; path = InitialViewController.swift; sourceTree = "<group>"; };
		25C465021FDE2F4900924B41 /* Base */ = {isa = PBXFileReference; lastKnownFileType = file.storyboard; name = Base; path = Base.lproj/Main.storyboard; sourceTree = "<group>"; };
		25C465041FDE2F4900924B41 /* Assets.xcassets */ = {isa = PBXFileReference; lastKnownFileType = folder.assetcatalog; path = Assets.xcassets; sourceTree = "<group>"; };
		25C465071FDE2F4900924B41 /* Base */ = {isa = PBXFileReference; lastKnownFileType = file.storyboard; name = Base; path = Base.lproj/LaunchScreen.storyboard; sourceTree = "<group>"; };
		25C465091FDE2F4900924B41 /* Info.plist */ = {isa = PBXFileReference; lastKnownFileType = text.plist.xml; path = Info.plist; sourceTree = "<group>"; };
		25C4650F1FDE37CD00924B41 /* CityViewController.swift */ = {isa = PBXFileReference; lastKnownFileType = sourcecode.swift; path = CityViewController.swift; sourceTree = "<group>"; };
		25C465111FDE4AF600924B41 /* hotel.swift */ = {isa = PBXFileReference; lastKnownFileType = sourcecode.swift; path = hotel.swift; sourceTree = "<group>"; };
		25C465131FDE573900924B41 /* HotelViewController.swift */ = {isa = PBXFileReference; lastKnownFileType = sourcecode.swift; path = HotelViewController.swift; sourceTree = "<group>"; };
		25C465151FDE687400924B41 /* ReservationViewController.swift */ = {isa = PBXFileReference; lastKnownFileType = sourcecode.swift; path = ReservationViewController.swift; sourceTree = "<group>"; };
		2A9E05E7FAE29FFE677E98D3 /* Pods_HoSug.framework */ = {isa = PBXFileReference; explicitFileType = wrapper.framework; includeInIndex = 0; path = Pods_HoSug.framework; sourceTree = BUILT_PRODUCTS_DIR; };
		41E489C6C959D6847BAAAEE6 /* Pods-HoSug.release.xcconfig */ = {isa = PBXFileReference; includeInIndex = 1; lastKnownFileType = text.xcconfig; name = "Pods-HoSug.release.xcconfig"; path = "Pods/Target Support Files/Pods-HoSug/Pods-HoSug.release.xcconfig"; sourceTree = "<group>"; };
		CA5471ADF8153313C6F45942 /* Pods-HoSug.debug.xcconfig */ = {isa = PBXFileReference; includeInIndex = 1; lastKnownFileType = text.xcconfig; name = "Pods-HoSug.debug.xcconfig"; path = "Pods/Target Support Files/Pods-HoSug/Pods-HoSug.debug.xcconfig"; sourceTree = "<group>"; };
/* End PBXFileReference section */

/* Begin PBXFrameworksBuildPhase section */
		25C464F71FDE2F4900924B41 /* Frameworks */ = {
			isa = PBXFrameworksBuildPhase;
			buildActionMask = 2147483647;
			files = (
				3ADA957A17941DE848FDD468 /* Pods_HoSug.framework in Frameworks */,
			);
			runOnlyForDeploymentPostprocessing = 0;
		};
/* End PBXFrameworksBuildPhase section */

/* Begin PBXGroup section */
		06FED1FD7CA51814F8459FAF /* Pods */ = {
			isa = PBXGroup;
			children = (
				CA5471ADF8153313C6F45942 /* Pods-HoSug.debug.xcconfig */,
				41E489C6C959D6847BAAAEE6 /* Pods-HoSug.release.xcconfig */,
			);
			name = Pods;
			sourceTree = "<group>";
		};
		25C464F11FDE2F4800924B41 = {
			isa = PBXGroup;
			children = (
				25C464FC1FDE2F4900924B41 /* HoSug */,
				25C464FB1FDE2F4900924B41 /* Products */,
				06FED1FD7CA51814F8459FAF /* Pods */,
				7D49AF666C68834C8EB1E29C /* Frameworks */,
			);
			sourceTree = "<group>";
		};
		25C464FB1FDE2F4900924B41 /* Products */ = {
			isa = PBXGroup;
			children = (
				25C464FA1FDE2F4900924B41 /* HoSug.app */,
			);
			name = Products;
			sourceTree = "<group>";
		};
		25C464FC1FDE2F4900924B41 /* HoSug */ = {
			isa = PBXGroup;
			children = (
				25C464FD1FDE2F4900924B41 /* AppDelegate.swift */,
				25C464FF1FDE2F4900924B41 /* InitialViewController.swift */,
				25C465011FDE2F4900924B41 /* Main.storyboard */,
				25C465041FDE2F4900924B41 /* Assets.xcassets */,
				25C465061FDE2F4900924B41 /* LaunchScreen.storyboard */,
				25C465091FDE2F4900924B41 /* Info.plist */,
				25C4650F1FDE37CD00924B41 /* CityViewController.swift */,
				25C465151FDE687400924B41 /* ReservationViewController.swift */,
				25C465131FDE573900924B41 /* HotelViewController.swift */,
				25C465111FDE4AF600924B41 /* hotel.swift */,
			);
			path = HoSug;
			sourceTree = "<group>";
		};
		7D49AF666C68834C8EB1E29C /* Frameworks */ = {
			isa = PBXGroup;
			children = (
				2A9E05E7FAE29FFE677E98D3 /* Pods_HoSug.framework */,
			);
			name = Frameworks;
			sourceTree = "<group>";
		};
/* End PBXGroup section */

/* Begin PBXNativeTarget section */
		25C464F91FDE2F4900924B41 /* HoSug */ = {
			isa = PBXNativeTarget;
			buildConfigurationList = 25C4650C1FDE2F4900924B41 /* Build configuration list for PBXNativeTarget "HoSug" */;
			buildPhases = (
				68DC75DB278636B50110A765 /* [CP] Check Pods Manifest.lock */,
				25C464F61FDE2F4900924B41 /* Sources */,
				25C464F71FDE2F4900924B41 /* Frameworks */,
				25C464F81FDE2F4900924B41 /* Resources */,
				A44FD24E19D5D39ECE008238 /* [CP] Embed Pods Frameworks */,
				AF4DA2BF16C9CFE465FBAE11 /* [CP] Copy Pods Resources */,
			);
			buildRules = (
			);
			dependencies = (
			);
			name = HoSug;
			productName = HoSug;
			productReference = 25C464FA1FDE2F4900924B41 /* HoSug.app */;
			productType = "com.apple.product-type.application";
		};
/* End PBXNativeTarget section */

/* Begin PBXProject section */
		25C464F21FDE2F4800924B41 /* Project object */ = {
			isa = PBXProject;
			attributes = {
				LastSwiftUpdateCheck = 0910;
				LastUpgradeCheck = 0910;
				ORGANIZATIONNAME = Bocer;
				TargetAttributes = {
					25C464F91FDE2F4900924B41 = {
						CreatedOnToolsVersion = 9.1;
						ProvisioningStyle = Automatic;
					};
				};
			};
			buildConfigurationList = 25C464F51FDE2F4800924B41 /* Build configuration list for PBXProject "HoSug" */;
			compatibilityVersion = "Xcode 8.0";
			developmentRegion = en;
			hasScannedForEncodings = 0;
			knownRegions = (
				en,
				Base,
			);
			mainGroup = 25C464F11FDE2F4800924B41;
			productRefGroup = 25C464FB1FDE2F4900924B41 /* Products */;
			projectDirPath = "";
			projectRoot = "";
			targets = (
				25C464F91FDE2F4900924B41 /* HoSug */,
			);
		};
/* End PBXProject section */

/* Begin PBXResourcesBuildPhase section */
		25C464F81FDE2F4900924B41 /* Resources */ = {
			isa = PBXResourcesBuildPhase;
			buildActionMask = 2147483647;
			files = (
				25C465081FDE2F4900924B41 /* LaunchScreen.storyboard in Resources */,
				25C465051FDE2F4900924B41 /* Assets.xcassets in Resources */,
				25C465031FDE2F4900924B41 /* Main.storyboard in Resources */,
			);
			runOnlyForDeploymentPostprocessing = 0;
		};
/* End PBXResourcesBuildPhase section */

/* Begin PBXShellScriptBuildPhase section */
		68DC75DB278636B50110A765 /* [CP] Check Pods Manifest.lock */ = {
			isa = PBXShellScriptBuildPhase;
			buildActionMask = 2147483647;
			files = (
			);
			inputPaths = (
				"${PODS_PODFILE_DIR_PATH}/Podfile.lock",
				"${PODS_ROOT}/Manifest.lock",
			);
			name = "[CP] Check Pods Manifest.lock";
			outputPaths = (
				"$(DERIVED_FILE_DIR)/Pods-HoSug-checkManifestLockResult.txt",
			);
			runOnlyForDeploymentPostprocessing = 0;
			shellPath = /bin/sh;
			shellScript = "diff \"${PODS_PODFILE_DIR_PATH}/Podfile.lock\" \"${PODS_ROOT}/Manifest.lock\" > /dev/null\nif [ $? != 0 ] ; then\n    # print error to STDERR\n    echo \"error: The sandbox is not in sync with the Podfile.lock. Run 'pod install' or update your CocoaPods installation.\" >&2\n    exit 1\nfi\n# This output is used by Xcode 'outputs' to avoid re-running this script phase.\necho \"SUCCESS\" > \"${SCRIPT_OUTPUT_FILE_0}\"\n";
			showEnvVarsInLog = 0;
		};
		A44FD24E19D5D39ECE008238 /* [CP] Embed Pods Frameworks */ = {
			isa = PBXShellScriptBuildPhase;
			buildActionMask = 2147483647;
			files = (
			);
			inputPaths = (
				"${SRCROOT}/Pods/Target Support Files/Pods-HoSug/Pods-HoSug-frameworks.sh",
				"${BUILT_PRODUCTS_DIR}/Alamofire/Alamofire.framework",
				"${BUILT_PRODUCTS_DIR}/SwiftyJSON/SwiftyJSON.framework",
			);
			name = "[CP] Embed Pods Frameworks";
			outputPaths = (
				"${TARGET_BUILD_DIR}/${FRAMEWORKS_FOLDER_PATH}/Alamofire.framework",
				"${TARGET_BUILD_DIR}/${FRAMEWORKS_FOLDER_PATH}/SwiftyJSON.framework",
			);
			runOnlyForDeploymentPostprocessing = 0;
			shellPath = /bin/sh;
			shellScript = "\"${SRCROOT}/Pods/Target Support Files/Pods-HoSug/Pods-HoSug-frameworks.sh\"\n";
			showEnvVarsInLog = 0;
		};
		AF4DA2BF16C9CFE465FBAE11 /* [CP] Copy Pods Resources */ = {
			isa = PBXShellScriptBuildPhase;
			buildActionMask = 2147483647;
			files = (
			);
			inputPaths = (
			);
			name = "[CP] Copy Pods Resources";
			outputPaths = (
			);
			runOnlyForDeploymentPostprocessing = 0;
			shellPath = /bin/sh;
			shellScript = "\"${SRCROOT}/Pods/Target Support Files/Pods-HoSug/Pods-HoSug-resources.sh\"\n";
			showEnvVarsInLog = 0;
		};
/* End PBXShellScriptBuildPhase section */

/* Begin PBXSourcesBuildPhase section */
		25C464F61FDE2F4900924B41 /* Sources */ = {
			isa = PBXSourcesBuildPhase;
			buildActionMask = 2147483647;
			files = (
				25C465001FDE2F4900924B41 /* InitialViewController.swift in Sources */,
				25C464FE1FDE2F4900924B41 /* AppDelegate.swift in Sources */,
				25C465121FDE4AF600924B41 /* hotel.swift in Sources */,
				25C465101FDE37CD00924B41 /* CityViewController.swift in Sources */,
				25C465141FDE573900924B41 /* HotelViewController.swift in Sources */,
				25C465161FDE687400924B41 /* ReservationViewController.swift in Sources */,
			);
			runOnlyForDeploymentPostprocessing = 0;
		};
/* End PBXSourcesBuildPhase section */

/* Begin PBXVariantGroup section */
		25C465011FDE2F4900924B41 /* Main.storyboard */ = {
			isa = PBXVariantGroup;
			children = (
				25C465021FDE2F4900924B41 /* Base */,
			);
			name = Main.storyboard;
			sourceTree = "<group>";
		};
		25C465061FDE2F4900924B41 /* LaunchScreen.storyboard */ = {
			isa = PBXVariantGroup;
			children = (
				25C465071FDE2F4900924B41 /* Base */,
			);
			name = LaunchScreen.storyboard;
			sourceTree = "<group>";
		};
/* End PBXVariantGroup section */

/* Begin XCBuildConfiguration section */
		25C4650A1FDE2F4900924B41 /* Debug */ = {
			isa = XCBuildConfiguration;
			buildSettings = {
				ALWAYS_SEARCH_USER_PATHS = NO;
				CLANG_ANALYZER_NONNULL = YES;
				CLANG_ANALYZER_NUMBER_OBJECT_CONVERSION = YES_AGGRESSIVE;
				CLANG_CXX_LANGUAGE_STANDARD = "gnu++14";
				CLANG_CXX_LIBRARY = "libc++";
				CLANG_ENABLE_MODULES = YES;
				CLANG_ENABLE_OBJC_ARC = YES;
				CLANG_WARN_BLOCK_CAPTURE_AUTORELEASING = YES;
				CLANG_WARN_BOOL_CONVERSION = YES;
				CLANG_WARN_COMMA = YES;
				CLANG_WARN_CONSTANT_CONVERSION = YES;
				CLANG_WARN_DIRECT_OBJC_ISA_USAGE = YES_ERROR;
				CLANG_WARN_DOCUMENTATION_COMMENTS = YES;
				CLANG_WARN_EMPTY_BODY = YES;
				CLANG_WARN_ENUM_CONVERSION = YES;
				CLANG_WARN_INFINITE_RECURSION = YES;
				CLANG_WARN_INT_CONVERSION = YES;
				CLANG_WARN_NON_LITERAL_NULL_CONVERSION = YES;
				CLANG_WARN_OBJC_LITERAL_CONVERSION = YES;
				CLANG_WARN_OBJC_ROOT_CLASS = YES_ERROR;
				CLANG_WARN_RANGE_LOOP_ANALYSIS = YES;
				CLANG_WARN_STRICT_PROTOTYPES = YES;
				CLANG_WARN_SUSPICIOUS_MOVE = YES;
				CLANG_WARN_UNGUARDED_AVAILABILITY = YES_AGGRESSIVE;
				CLANG_WARN_UNREACHABLE_CODE = YES;
				CLANG_WARN__DUPLICATE_METHOD_MATCH = YES;
				CODE_SIGN_IDENTITY = "iPhone Developer";
				COPY_PHASE_STRIP = NO;
				DEBUG_INFORMATION_FORMAT = dwarf;
				ENABLE_STRICT_OBJC_MSGSEND = YES;
				ENABLE_TESTABILITY = YES;
				GCC_C_LANGUAGE_STANDARD = gnu11;
				GCC_DYNAMIC_NO_PIC = NO;
				GCC_NO_COMMON_BLOCKS = YES;
				GCC_OPTIMIZATION_LEVEL = 0;
				GCC_PREPROCESSOR_DEFINITIONS = (
					"DEBUG=1",
					"$(inherited)",
				);
				GCC_WARN_64_TO_32_BIT_CONVERSION = YES;
				GCC_WARN_ABOUT_RETURN_TYPE = YES_ERROR;
				GCC_WARN_UNDECLARED_SELECTOR = YES;
				GCC_WARN_UNINITIALIZED_AUTOS = YES_AGGRESSIVE;
				GCC_WARN_UNUSED_FUNCTION = YES;
				GCC_WARN_UNUSED_VARIABLE = YES;
				IPHONEOS_DEPLOYMENT_TARGET = 11.1;
				MTL_ENABLE_DEBUG_INFO = YES;
				ONLY_ACTIVE_ARCH = YES;
				SDKROOT = iphoneos;
				SWIFT_ACTIVE_COMPILATION_CONDITIONS = DEBUG;
				SWIFT_OPTIMIZATION_LEVEL = "-Onone";
			};
			name = Debug;
		};
		25C4650B1FDE2F4900924B41 /* Release */ = {
			isa = XCBuildConfiguration;
			buildSettings = {
				ALWAYS_SEARCH_USER_PATHS = NO;
				CLANG_ANALYZER_NONNULL = YES;
				CLANG_ANALYZER_NUMBER_OBJECT_CONVERSION = YES_AGGRESSIVE;
				CLANG_CXX_LANGUAGE_STANDARD = "gnu++14";
				CLANG_CXX_LIBRARY = "libc++";
				CLANG_ENABLE_MODULES = YES;
				CLANG_ENABLE_OBJC_ARC = YES;
				CLANG_WARN_BLOCK_CAPTURE_AUTORELEASING = YES;
				CLANG_WARN_BOOL_CONVERSION = YES;
				CLANG_WARN_COMMA = YES;
				CLANG_WARN_CONSTANT_CONVERSION = YES;
				CLANG_WARN_DIRECT_OBJC_ISA_USAGE = YES_ERROR;
				CLANG_WARN_DOCUMENTATION_COMMENTS = YES;
				CLANG_WARN_EMPTY_BODY = YES;
				CLANG_WARN_ENUM_CONVERSION = YES;
				CLANG_WARN_INFINITE_RECURSION = YES;
				CLANG_WARN_INT_CONVERSION = YES;
				CLANG_WARN_NON_LITERAL_NULL_CONVERSION = YES;
				CLANG_WARN_OBJC_LITERAL_CONVERSION = YES;
				CLANG_WARN_OBJC_ROOT_CLASS = YES_ERROR;
				CLANG_WARN_RANGE_LOOP_ANALYSIS = YES;
				CLANG_WARN_STRICT_PROTOTYPES = YES;
				CLANG_WARN_SUSPICIOUS_MOVE = YES;
				CLANG_WARN_UNGUARDED_AVAILABILITY = YES_AGGRESSIVE;
				CLANG_WARN_UNREACHABLE_CODE = YES;
				CLANG_WARN__DUPLICATE_METHOD_MATCH = YES;
				CODE_SIGN_IDENTITY = "iPhone Developer";
				COPY_PHASE_STRIP = NO;
				DEBUG_INFORMATION_FORMAT = "dwarf-with-dsym";
				ENABLE_NS_ASSERTIONS = NO;
				ENABLE_STRICT_OBJC_MSGSEND = YES;
				GCC_C_LANGUAGE_STANDARD = gnu11;
				GCC_NO_COMMON_BLOCKS = YES;
				GCC_WARN_64_TO_32_BIT_CONVERSION = YES;
				GCC_WARN_ABOUT_RETURN_TYPE = YES_ERROR;
				GCC_WARN_UNDECLARED_SELECTOR = YES;
				GCC_WARN_UNINITIALIZED_AUTOS = YES_AGGRESSIVE;
				GCC_WARN_UNUSED_FUNCTION = YES;
				GCC_WARN_UNUSED_VARIABLE = YES;
				IPHONEOS_DEPLOYMENT_TARGET = 11.1;
				MTL_ENABLE_DEBUG_INFO = NO;
				SDKROOT = iphoneos;
				SWIFT_OPTIMIZATION_LEVEL = "-Owholemodule";
				VALIDATE_PRODUCT = YES;
			};
			name = Release;
		};
		25C4650D1FDE2F4900924B41 /* Debug */ = {
			isa = XCBuildConfiguration;
			baseConfigurationReference = CA5471ADF8153313C6F45942 /* Pods-HoSug.debug.xcconfig */;
			buildSettings = {
				ASSETCATALOG_COMPILER_APPICON_NAME = AppIcon;
				CODE_SIGN_STYLE = Automatic;
				DEVELOPMENT_TEAM = SJ32HF29L4;
				INFOPLIST_FILE = HoSug/Info.plist;
				LD_RUNPATH_SEARCH_PATHS = "$(inherited) @executable_path/Frameworks";
				PRODUCT_BUNDLE_IDENTIFIER = dempsy.HoSug;
				PRODUCT_NAME = "$(TARGET_NAME)";
				SWIFT_VERSION = 4.0;
				TARGETED_DEVICE_FAMILY = "1,2";
			};
			name = Debug;
		};
		25C4650E1FDE2F4900924B41 /* Release */ = {
			isa = XCBuildConfiguration;
			baseConfigurationReference = 41E489C6C959D6847BAAAEE6 /* Pods-HoSug.release.xcconfig */;
			buildSettings = {
				ASSETCATALOG_COMPILER_APPICON_NAME = AppIcon;
				CODE_SIGN_STYLE = Automatic;
				DEVELOPMENT_TEAM = SJ32HF29L4;
				INFOPLIST_FILE = HoSug/Info.plist;
				LD_RUNPATH_SEARCH_PATHS = "$(inherited) @executable_path/Frameworks";
				PRODUCT_BUNDLE_IDENTIFIER = dempsy.HoSug;
				PRODUCT_NAME = "$(TARGET_NAME)";
				SWIFT_VERSION = 4.0;
				TARGETED_DEVICE_FAMILY = "1,2";
			};
			name = Release;
		};
/* End XCBuildConfiguration section */

/* Begin XCConfigurationList section */
		25C464F51FDE2F4800924B41 /* Build configuration list for PBXProject "HoSug" */ = {
			isa = XCConfigurationList;
			buildConfigurations = (
				25C4650A1FDE2F4900924B41 /* Debug */,
				25C4650B1FDE2F4900924B41 /* Release */,
			);
			defaultConfigurationIsVisible = 0;
			defaultConfigurationName = Release;
		};
		25C4650C1FDE2F4900924B41 /* Build configuration list for PBXNativeTarget "HoSug" */ = {
			isa = XCConfigurationList;
			buildConfigurations = (
				25C4650D1FDE2F4900924B41 /* Debug */,
				25C4650E1FDE2F4900924B41 /* Release */,
			);
			defaultConfigurationIsVisible = 0;
			defaultConfigurationName = Release;
		};
/* End XCConfigurationList section */
	};
	rootObject = 25C464F21FDE2F4800924B41 /* Project object */;
}
